lockfileVersion: '9.0'

settings:
  autoInstallPeers: true
  excludeLinksFromLockfile: false

importers:

  .:
    dependencies:
      '@coreui/coreui':
        specifier: ^5.7.1
        version: 5.7.1(@popperjs/core@2.11.8)
      '@coreui/react':
        specifier: ^5.11.0
        version: 5.11.0(react-dom@19.2.6(react@19.2.6))(react@19.2.6)

packages:

  '@coreui/coreui@5.7.1':
    resolution: {integrity: sha512-Q3yG0A0Qmf+6JkB8eWa8mnZMbZvJnJbH2r/iumI0+gqUEe15wtYFxCsBnWG0eUCx9L2CbL9mG9KYHKlC24IW4A==}
    peerDependencies:
      '@popperjs/core': ^2.11.8

  '@coreui/react@5.11.0':
    resolution: {integrity: sha512-IvEy9lrWhXE9wBMhR5NeoFSWhbqJ2H5JWM0jKdvdk7YNlILUixa60/zBf1ZUsgxs157AfP3ZpjENO4Hy+ENSUA==}
    peerDependencies:
      react: '>=17'
      react-dom: '>=17'

  '@popperjs/core@2.11.8':
    resolution: {integrity: sha512-P1st0aksCrn9sGZhp8GMYwBnQsbvAWsZAX44oXNNvLHGqAOcoVxmjZiohstwQ7SqKnbR47akdNi+uleWD8+g6A==}

  html-entities@2.6.0:
    resolution: {integrity: sha512-kig+rMn/QOVRvr7c86gQ8lWXq+Hkv6CbAH1hLu+RG338StTpE8Z0b44SDVaqVu7HGKf27frdmUYEs9hTUX/cLQ==}

  js-tokens@4.0.0:
    resolution: {integrity: sha512-RdJUflcE3cUzKiMqQgsCu06FPu9UdIJO0beYbPhHN4k6apgJtifcoCtT9bcxOpYBtpD2kCM6Sbzg4CausW/PKQ==}

  loose-envify@1.4.0:
    resolution: {integrity: sha512-lyuxPGr/Wfhrlem2CL/UcnUc1zcqKAImBDzukY7Y5F/yQiNdko6+fRLevlw1HgMySw7f611UIY408EtxRSoK3Q==}
    hasBin: true

  object-assign@4.1.1:
    resolution: {integrity: sha512-rJgTQnkUnH1sFw8yT6VSU3zD3sWmu6sZhIseY8VX+GRu3P6F7Fu+JNDoXfklElbLJSnc3FUQHVe4cU5hj+BcUg==}
    engines: {node: '>=0.10.0'}

  prop-types@15.8.1:
    resolution: {integrity: sha512-oj87CgZICdulUohogVAR7AjlC0327U4el4L6eAvOqCeudMDVU0NThNaV+b9Df4dXgSP1gXMTnPdhfe/2qDH5cg==}

  react-dom@19.2.6:
    resolution: {integrity: sha512-0prMI+hvBbPjsWnxDLxlCGyM8PN6UuWjEUCYmZhO67xIV9Xasa/r/vDnq+Xyq4Lo27g8QSbO5YzARu0D1Sps3g==}
    peerDependencies:
      react: ^19.2.6

  react-is@16.13.1:
    resolution: {integrity: sha512-24e6ynE2H+OKt4kqsOvNd8kBpV65zoxbA4BVsEOB3ARVWQki/DHzaUoC5KuON/BiccDaCCTZBuOcfZs70kR8bQ==}

  react@19.2.6:
    resolution: {integrity: sha512-sfWGGfavi0xr8Pg0sVsyHMAOziVYKgPLNrS7ig+ivMNb3wbCBw3KxtflsGBAwD3gYQlE/AEZsTLgToRrSCjb0Q==}
    engines: {node: '>=0.10.0'}

  scheduler@0.27.0:
    resolution: {integrity: sha512-eNv+WrVbKu1f3vbYJT/xtiF5syA5HPIMtf9IgY/nKg0sWqzAUEvqY/xm7OcZc/qafLx/iO9FgOmeSAp4v5ti/Q==}

snapshots:

  '@coreui/coreui@5.7.1(@popperjs/core@2.11.8)':
    dependencies:
      '@popperjs/core': 2.11.8
      html-entities: 2.6.0

  '@coreui/react@5.11.0(react-dom@19.2.6(react@19.2.6))(react@19.2.6)':
    dependencies:
      '@coreui/coreui': 5.7.1(@popperjs/core@2.11.8)
      '@popperjs/core': 2.11.8
      prop-types: 15.8.1
      react: 19.2.6
      react-dom: 19.2.6(react@19.2.6)

  '@popperjs/core@2.11.8': {}

  html-entities@2.6.0: {}

  js-tokens@4.0.0: {}

  loose-envify@1.4.0:
    dependencies:
      js-tokens: 4.0.0

  object-assign@4.1.1: {}

  prop-types@15.8.1:
    dependencies:
      loose-envify: 1.4.0
      object-assign: 4.1.1
      react-is: 16.13.1

  react-dom@19.2.6(react@19.2.6):
    dependencies:
      react: 19.2.6
      scheduler: 0.27.0

  react-is@16.13.1: {}

  react@19.2.6: {}

  scheduler@0.27.0: {}
